
Microsoft Visual Studio Solution File, Format Version 12.00
# Visual Studio Version 17
VisualStudioVersion = 17.13.35931.197 d17.13
MinimumVisualStudioVersion = 10.0.40219.1
Project("{FAE04EC0-301F-11D3-BF4B-00C04F79EFBC}") = "Cascading_Value", "Cascading_Value\Cascading_Value.csproj", "{61569BDB-3821-45ED-A275-32A6DFDB5363}"
EndProject
Global
	GlobalSection(SolutionConfigurationPlatforms) = preSolution
		Debug|Any CPU = Debug|Any CPU
		Release|Any CPU = Release|Any CPU
	EndGlobalSection
	GlobalSection(ProjectConfigurationPlatforms) = postSolution
		{61569BDB-3821-45ED-A275-32A6DFDB5363}.Debug|Any CPU.ActiveCfg = Debug|Any CPU
		{61569BDB-3821-45ED-A275-32A6DFDB5363}.Debug|Any CPU.Build.0 = Debug|Any CPU
		{61569BDB-3821-45ED-A275-32A6DFDB5363}.Release|Any CPU.ActiveCfg = Release|Any CPU
		{61569BDB-3821-45ED-A275-32A6DFDB5363}.Release|Any CPU.Build.0 = Release|Any CPU
	EndGlobalSection
	GlobalSection(SolutionProperties) = preSolution
		HideSolutionNode = FALSE
	EndGlobalSection
	GlobalSection(ExtensibilityGlobals) = postSolution
		SolutionGuid = {18AE79AC-F973-47EF-BA9C-04D660002489}
	EndGlobalSection
EndGlobal
